lockfileVersion: '9.0'

settings:
  autoInstallPeers: true
  excludeLinksFromLockfile: false

importers:

  .:
    dependencies:
      '@types/kafkajs':
        specifier: ^1.9.0
        version: 1.9.0
      kafkajs:
        specifier: ^2.2.4
        version: 2.2.4

packages:

  '@types/kafkajs@1.9.0':
    resolution: {integrity: sha512-R9VDNbiw+vNfxWjjFHUrLMF/Dfc7asGXzKtYUwI4FaT24Chf5ZNkfvce54p4dkLMxPcsrEsVazAK0Jp2ib4Zxw==}
    deprecated: This is a stub types definition. kafkajs provides its own type definitions, so you do not need this installed.

  kafkajs@2.2.4:
    resolution: {integrity: sha512-j/YeapB1vfPT2iOIUn/vxdyKEuhuY2PxMBvf5JWux6iSaukAccrMtXEY/Lb7OvavDhOWME589bpLrEdnVHjfjA==}
    engines: {node: '>=14.0.0'}

snapshots:

  '@types/kafkajs@1.9.0':
    dependencies:
      kafkajs: 2.2.4

  kafkajs@2.2.4: {}
